
Microsoft Visual Studio Solution File, Format Version 12.00
# Visual Studio 15
VisualStudioVersion = 15.0.28307.572
MinimumVisualStudioVersion = 10.0.40219.1
Project("{9A19103F-16F7-4668-BE54-9A1E7A4F7556}") = "MyStepFunctionStarter", "MyStepFunctionStarter\MyStepFunctionStarter.csproj", "{9754F0D4-864B-47A5-A66F-72920605F0D6}"
EndProject
Project("{9A19103F-16F7-4668-BE54-9A1E7A4F7556}") = "MyStepFunction", "MyStepFunction\src\MyStepFunction\MyStepFunction.csproj", "{699BA5B5-E206-4194-84AD-580F4A463F1E}"
EndProject
Project("{2150E333-8FDC-42A3-9474-1A3956D46DE8}") = "Solution Items", "Solution Items", "{4E5C8D44-6A0E-44B5-8D3F-3DA109A282E9}"
	ProjectSection(SolutionItems) = preProject
		README.md = README.md
	EndProjectSection
EndProject
Project("{9A19103F-16F7-4668-BE54-9A1E7A4F7556}") = "RandomGenerator", "RandomGenerator\src\RandomGenerator\RandomGenerator.csproj", "{71254467-9E0C-4B4D-B62C-756C55C0DE91}"
EndProject
Project("{9A19103F-16F7-4668-BE54-9A1E7A4F7556}") = "TestIfOddOrEven", "TestIfOddOrEven\src\TestIfOddOrEven\TestIfOddOrEven.csproj", "{C59A0992-26DD-4906-89F5-F3A23DED586F}"
EndProject
Global
	GlobalSection(SolutionConfigurationPlatforms) = preSolution
		Debug|Any CPU = Debug|Any CPU
		Release|Any CPU = Release|Any CPU
	EndGlobalSection
	GlobalSection(ProjectConfigurationPlatforms) = postSolution
		{9754F0D4-864B-47A5-A66F-72920605F0D6}.Debug|Any CPU.ActiveCfg = Debug|Any CPU
		{9754F0D4-864B-47A5-A66F-72920605F0D6}.Debug|Any CPU.Build.0 = Debug|Any CPU
		{9754F0D4-864B-47A5-A66F-72920605F0D6}.Release|Any CPU.ActiveCfg = Release|Any CPU
		{9754F0D4-864B-47A5-A66F-72920605F0D6}.Release|Any CPU.Build.0 = Release|Any CPU
		{699BA5B5-E206-4194-84AD-580F4A463F1E}.Debug|Any CPU.ActiveCfg = Debug|Any CPU
		{699BA5B5-E206-4194-84AD-580F4A463F1E}.Debug|Any CPU.Build.0 = Debug|Any CPU
		{699BA5B5-E206-4194-84AD-580F4A463F1E}.Release|Any CPU.ActiveCfg = Release|Any CPU
		{699BA5B5-E206-4194-84AD-580F4A463F1E}.Release|Any CPU.Build.0 = Release|Any CPU
		{71254467-9E0C-4B4D-B62C-756C55C0DE91}.Debug|Any CPU.ActiveCfg = Debug|Any CPU
		{71254467-9E0C-4B4D-B62C-756C55C0DE91}.Debug|Any CPU.Build.0 = Debug|Any CPU
		{71254467-9E0C-4B4D-B62C-756C55C0DE91}.Release|Any CPU.ActiveCfg = Release|Any CPU
		{71254467-9E0C-4B4D-B62C-756C55C0DE91}.Release|Any CPU.Build.0 = Release|Any CPU
		{C59A0992-26DD-4906-89F5-F3A23DED586F}.Debug|Any CPU.ActiveCfg = Debug|Any CPU
		{C59A0992-26DD-4906-89F5-F3A23DED586F}.Debug|Any CPU.Build.0 = Debug|Any CPU
		{C59A0992-26DD-4906-89F5-F3A23DED586F}.Release|Any CPU.ActiveCfg = Release|Any CPU
		{C59A0992-26DD-4906-89F5-F3A23DED586F}.Release|Any CPU.Build.0 = Release|Any CPU
	EndGlobalSection
	GlobalSection(SolutionProperties) = preSolution
		HideSolutionNode = FALSE
	EndGlobalSection
	GlobalSection(ExtensibilityGlobals) = postSolution
		SolutionGuid = {EF588F8D-A32C-4E35-8F8F-114C9F8E4EDD}
	EndGlobalSection
EndGlobal
